{
  "name": "blocky-basemap-toggle",
  "version": "1.0.0",
  "lockfileVersion": 1,
  "requires": true,
  "dependencies": {
    "@types/arcgis-js-api": {
      "version": "4.11.0",
      "resolved": "https://registry.npmjs.org/@types/arcgis-js-api/-/arcgis-js-api-4.11.0.tgz",
      "integrity": "sha512-TIDIBvtoG65uUwdguv2KG6LTckCDGXBgfs+inoq0bLegrjwNb8HqvSgRjij4P+iLhp96bSWRYmPHNs2Zs3Hn3A==",
      "dev": true
    },
    "@types/chai": {
      "version": "4.1.7",
      "resolved": "https://registry.npmjs.org/@types/chai/-/chai-4.1.7.tgz",
      "integrity": "sha512-2Y8uPt0/jwjhQ6EiluT0XCri1Dbplr0ZxfFXUz+ye13gaqE8u5gL5ppao1JrUYr9cIip5S6MvQzBS7Kke7U9VA==",
      "dev": true
    },
    "dojo-typings": {
      "version": "1.11.9",
      "resolved": "https://registry.npmjs.org/dojo-typings/-/dojo-typings-1.11.9.tgz",
      "integrity": "sha512-mh8w+Mau2Y1QfTEszEAdO7j6ycNhYxF/Ing6nAk1eUg6NxjeT0viVHjICMd9sU3U463vM2G+KfBBK5grk3/Mlw==",
      "dev": true,
      "requires": {
        "@types/chai": "^4.0.4"
      }
    },
    "legofy": {
      "version": "git+https://github.com/jcfranco/Legofy.git#e253fa1f466957fc80404e87804ad8b0afeb527d",
      "from": "git+https://github.com/jcfranco/Legofy.git#add-multiple-output-targets",
      "dev": true,
      "requires": {
        "rgbquant": "^1.1.2"
      }
    },
    "rgbquant": {
      "version": "1.1.2",
      "resolved": "https://registry.npmjs.org/rgbquant/-/rgbquant-1.1.2.tgz",
      "integrity": "sha1-2V6Imo/LHmwaT6LMyL46QaL80YU=",
      "dev": true
    },
    "tslib": {
      "version": "1.10.0",
      "resolved": "https://registry.npmjs.org/tslib/-/tslib-1.10.0.tgz",
      "integrity": "sha512-qOebF53frne81cf0S9B41ByenJ3/IuH8yJKngAX35CmiZySA0khhkovshKK+jGCaMnVomla7gVlIcc3EvKPbTQ=="
    },
    "typescript": {
      "version": "3.5.2",
      "resolved": "https://registry.npmjs.org/typescript/-/typescript-3.5.2.tgz",
      "integrity": "sha512-7KxJovlYhTX5RaRbUdkAXN1KUZ8PwWlTzQdHV6xNqvuFOs7+WBo10TQUqT19Q/Jz2hk5v9TQDIhyLhhJY4p5AA==",
      "dev": true
    }
  }
}
